
Microsoft Visual Studio Solution File, Format Version 12.00
# Visual Studio Version 16
VisualStudioVersion = 16.0.29102.190
MinimumVisualStudioVersion = 10.0.40219.1
Project("{FAE04EC0-301F-11D3-BF4B-00C04F79EFBC}") = "TomKwarten", "TomKwarten\TomKwarten.csproj", "{86AE2256-13D3-42D4-B43D-47625F26A113}"
EndProject
Global
	GlobalSection(SolutionConfigurationPlatforms) = preSolution
		Debug|Any CPU = Debug|Any CPU
		Release|Any CPU = Release|Any CPU
	EndGlobalSection
	GlobalSection(ProjectConfigurationPlatforms) = postSolution
		{86AE2256-13D3-42D4-B43D-47625F26A113}.Debug|Any CPU.ActiveCfg = Debug|Any CPU
		{86AE2256-13D3-42D4-B43D-47625F26A113}.Debug|Any CPU.Build.0 = Debug|Any CPU
		{86AE2256-13D3-42D4-B43D-47625F26A113}.Release|Any CPU.ActiveCfg = Release|Any CPU
		{86AE2256-13D3-42D4-B43D-47625F26A113}.Release|Any CPU.Build.0 = Release|Any CPU
	EndGlobalSection
	GlobalSection(SolutionProperties) = preSolution
		HideSolutionNode = FALSE
	EndGlobalSection
	GlobalSection(ExtensibilityGlobals) = postSolution
		SolutionGuid = {2DD5FFEE-5EC7-4A72-B176-3A4BD543862B}
	EndGlobalSection
EndGlobal
